PODS:
  - Charts (3.2.2):
    - Charts/Core (= 3.2.2)
  - Charts/Core (3.2.2)
  - ChartsRealm (3.2.1):
    - Charts (~> 3.2.1)
    - RealmSwift (~> 3.11.1)
  - Realm (3.11.2):
    - Realm/Headers (= 3.11.2)
  - Realm/Headers (3.11.2)
  - RealmSwift (3.11.2):
    - Realm (= 3.11.2)

DEPENDENCIES:
  - ChartsRealm

SPEC REPOS:
  https://github.com/cocoapods/specs.git:
    - Charts
    - ChartsRealm
    - Realm
    - RealmSwift

SPEC CHECKSUMS:
  Charts: f69cf0518b6d1d62608ca504248f1bbe0b6ae77e
  ChartsRealm: 8570ca829ee82715018e72a0935687de86e3b126
  Realm: 864477d028db77f7c5a0cba64a4892ad53db128a
  RealmSwift: 12b8262fc08020b47de4fd88eb3d5c9425b34ec7

PODFILE CHECKSUM: 3d81bc3452c6f4fa1656571a584132bc84cc0077

COCOAPODS: 1.6.1
